
Microsoft Visual Studio Solution File, Format Version 12.00
# Visual Studio Version 17
VisualStudioVersion = 17.4.33122.133
MinimumVisualStudioVersion = 10.0.40219.1
Project("{FAE04EC0-301F-11D3-BF4B-00C04F79EFBC}") = "Weather_Telegram", "Weather_Telegram.csproj", "{27BF8F0D-1DDA-455E-8177-41AD98B41F9A}"
EndProject
Global
	GlobalSection(SolutionConfigurationPlatforms) = preSolution
		Debug|Any CPU = Debug|Any CPU
		Release|Any CPU = Release|Any CPU
	EndGlobalSection
	GlobalSection(ProjectConfigurationPlatforms) = postSolution
		{27BF8F0D-1DDA-455E-8177-41AD98B41F9A}.Debug|Any CPU.ActiveCfg = Debug|Any CPU
		{27BF8F0D-1DDA-455E-8177-41AD98B41F9A}.Debug|Any CPU.Build.0 = Debug|Any CPU
		{27BF8F0D-1DDA-455E-8177-41AD98B41F9A}.Release|Any CPU.ActiveCfg = Release|Any CPU
		{27BF8F0D-1DDA-455E-8177-41AD98B41F9A}.Release|Any CPU.Build.0 = Release|Any CPU
	EndGlobalSection
	GlobalSection(SolutionProperties) = preSolution
		HideSolutionNode = FALSE
	EndGlobalSection
	GlobalSection(ExtensibilityGlobals) = postSolution
		SolutionGuid = {2D34D232-5657-4298-9679-2F7E97B53868}
	EndGlobalSection
EndGlobal
